
Microsoft Visual Studio Solution File, Format Version 12.00
# Visual Studio Version 16
VisualStudioVersion = 16.0.30413.136
MinimumVisualStudioVersion = 10.0.40219.1
Project("{FAE04EC0-301F-11D3-BF4B-00C04F79EFBC}") = "Project2", "Project2\Project2.csproj", "{CD0684D8-67D5-4ED0-B628-7C04FF91007A}"
EndProject
Global
	GlobalSection(SolutionConfigurationPlatforms) = preSolution
		Debug|Any CPU = Debug|Any CPU
		Release|Any CPU = Release|Any CPU
	EndGlobalSection
	GlobalSection(ProjectConfigurationPlatforms) = postSolution
		{CD0684D8-67D5-4ED0-B628-7C04FF91007A}.Debug|Any CPU.ActiveCfg = Debug|Any CPU
		{CD0684D8-67D5-4ED0-B628-7C04FF91007A}.Debug|Any CPU.Build.0 = Debug|Any CPU
		{CD0684D8-67D5-4ED0-B628-7C04FF91007A}.Release|Any CPU.ActiveCfg = Release|Any CPU
		{CD0684D8-67D5-4ED0-B628-7C04FF91007A}.Release|Any CPU.Build.0 = Release|Any CPU
	EndGlobalSection
	GlobalSection(SolutionProperties) = preSolution
		HideSolutionNode = FALSE
	EndGlobalSection
	GlobalSection(ExtensibilityGlobals) = postSolution
		SolutionGuid = {5E598DBC-27C9-4AE2-B4A6-D90F8ED216D9}
	EndGlobalSection
EndGlobal
